
Microsoft Visual Studio Solution File, Format Version 12.00
# Visual Studio Version 16
VisualStudioVersion = 16.0.33130.400
MinimumVisualStudioVersion = 10.0.40219.1
Project("{9A19103F-16F7-4668-BE54-9A1E7A4F7556}") = "Syncer.Service", "Syncer.Service\Syncer.Service.csproj", "{B8219A85-A3C2-4A19-938D-0A02804C4981}"
EndProject
Project("{2150E333-8FDC-42A3-9474-1A3956D46DE8}") = "Data", "Data", "{0BC574A6-BB4E-4E97-A783-C479B9CE69E4}"
EndProject
Project("{FAE04EC0-301F-11D3-BF4B-00C04F79EFBC}") = "Syncer.Data", "Syncer.Data\Syncer.Data.csproj", "{4EC29DAD-15CF-4A0E-97C0-88270AB36188}"
EndProject
Global
	GlobalSection(SolutionConfigurationPlatforms) = preSolution
		Debug|Any CPU = Debug|Any CPU
		Release|Any CPU = Release|Any CPU
	EndGlobalSection
	GlobalSection(ProjectConfigurationPlatforms) = postSolution
		{B8219A85-A3C2-4A19-938D-0A02804C4981}.Debug|Any CPU.ActiveCfg = Debug|Any CPU
		{B8219A85-A3C2-4A19-938D-0A02804C4981}.Debug|Any CPU.Build.0 = Debug|Any CPU
		{B8219A85-A3C2-4A19-938D-0A02804C4981}.Release|Any CPU.ActiveCfg = Release|Any CPU
		{B8219A85-A3C2-4A19-938D-0A02804C4981}.Release|Any CPU.Build.0 = Release|Any CPU
		{4EC29DAD-15CF-4A0E-97C0-88270AB36188}.Debug|Any CPU.ActiveCfg = Debug|Any CPU
		{4EC29DAD-15CF-4A0E-97C0-88270AB36188}.Debug|Any CPU.Build.0 = Debug|Any CPU
		{4EC29DAD-15CF-4A0E-97C0-88270AB36188}.Release|Any CPU.ActiveCfg = Release|Any CPU
		{4EC29DAD-15CF-4A0E-97C0-88270AB36188}.Release|Any CPU.Build.0 = Release|Any CPU
	EndGlobalSection
	GlobalSection(SolutionProperties) = preSolution
		HideSolutionNode = FALSE
	EndGlobalSection
	GlobalSection(NestedProjects) = preSolution
		{4EC29DAD-15CF-4A0E-97C0-88270AB36188} = {0BC574A6-BB4E-4E97-A783-C479B9CE69E4}
	EndGlobalSection
	GlobalSection(ExtensibilityGlobals) = postSolution
		SolutionGuid = {D2AA0B8B-6292-437B-AFF6-1FAF8E9B0FE1}
	EndGlobalSection
EndGlobal
